
Microsoft Visual Studio Solution File, Format Version 12.00
# Visual Studio Version 16
VisualStudioVersion = 16.0.29020.237
MinimumVisualStudioVersion = 10.0.40219.1
Project("{FAE04EC0-301F-11D3-BF4B-00C04F79EFBC}") = "Operadora", "Operadora.csproj", "{E33F7248-3A71-48CA-9D5A-59809F6BD475}"
EndProject
Project("{FAE04EC0-301F-11D3-BF4B-00C04F79EFBC}") = "UsandoCalculadora", "..\UsandoCalculadora\UsandoCalculadora.csproj", "{383C1ED8-2B2D-4701-9494-C151FF9069F8}"
EndProject
Project("{FAE04EC0-301F-11D3-BF4B-00C04F79EFBC}") = "ProjetoCalculadora", "..\ProjetoCalculadora\ProjetoCalculadora.csproj", "{5EC41174-C894-4A29-A05C-52A0337EC683}"
EndProject
Global
	GlobalSection(SolutionConfigurationPlatforms) = preSolution
		Debug|Any CPU = Debug|Any CPU
		Release|Any CPU = Release|Any CPU
	EndGlobalSection
	GlobalSection(ProjectConfigurationPlatforms) = postSolution
		{E33F7248-3A71-48CA-9D5A-59809F6BD475}.Debug|Any CPU.ActiveCfg = Debug|Any CPU
		{E33F7248-3A71-48CA-9D5A-59809F6BD475}.Debug|Any CPU.Build.0 = Debug|Any CPU
		{E33F7248-3A71-48CA-9D5A-59809F6BD475}.Release|Any CPU.ActiveCfg = Release|Any CPU
		{E33F7248-3A71-48CA-9D5A-59809F6BD475}.Release|Any CPU.Build.0 = Release|Any CPU
		{383C1ED8-2B2D-4701-9494-C151FF9069F8}.Debug|Any CPU.ActiveCfg = Debug|Any CPU
		{383C1ED8-2B2D-4701-9494-C151FF9069F8}.Debug|Any CPU.Build.0 = Debug|Any CPU
		{383C1ED8-2B2D-4701-9494-C151FF9069F8}.Release|Any CPU.ActiveCfg = Release|Any CPU
		{383C1ED8-2B2D-4701-9494-C151FF9069F8}.Release|Any CPU.Build.0 = Release|Any CPU
		{5EC41174-C894-4A29-A05C-52A0337EC683}.Debug|Any CPU.ActiveCfg = Debug|Any CPU
		{5EC41174-C894-4A29-A05C-52A0337EC683}.Debug|Any CPU.Build.0 = Debug|Any CPU
		{5EC41174-C894-4A29-A05C-52A0337EC683}.Release|Any CPU.ActiveCfg = Release|Any CPU
		{5EC41174-C894-4A29-A05C-52A0337EC683}.Release|Any CPU.Build.0 = Release|Any CPU
	EndGlobalSection
	GlobalSection(SolutionProperties) = preSolution
		HideSolutionNode = FALSE
	EndGlobalSection
	GlobalSection(ExtensibilityGlobals) = postSolution
		SolutionGuid = {FC96CA4B-503A-4FCB-8539-2C4314731EA3}
	EndGlobalSection
EndGlobal
