
Microsoft Visual Studio Solution File, Format Version 12.00
# Visual Studio Version 16
VisualStudioVersion = 16.0.29020.237
MinimumVisualStudioVersion = 10.0.40219.1
Project("{FAE04EC0-301F-11D3-BF4B-00C04F79EFBC}") = "ListaBiDeManeiraSimples", "ListaBiDeManeiraSimples.csproj", "{F692302E-C450-474B-B7D8-A72FA29584AB}"
EndProject
Global
	GlobalSection(SolutionConfigurationPlatforms) = preSolution
		Debug|Any CPU = Debug|Any CPU
		Release|Any CPU = Release|Any CPU
	EndGlobalSection
	GlobalSection(ProjectConfigurationPlatforms) = postSolution
		{F692302E-C450-474B-B7D8-A72FA29584AB}.Debug|Any CPU.ActiveCfg = Debug|Any CPU
		{F692302E-C450-474B-B7D8-A72FA29584AB}.Debug|Any CPU.Build.0 = Debug|Any CPU
		{F692302E-C450-474B-B7D8-A72FA29584AB}.Release|Any CPU.ActiveCfg = Release|Any CPU
		{F692302E-C450-474B-B7D8-A72FA29584AB}.Release|Any CPU.Build.0 = Release|Any CPU
	EndGlobalSection
	GlobalSection(SolutionProperties) = preSolution
		HideSolutionNode = FALSE
	EndGlobalSection
	GlobalSection(ExtensibilityGlobals) = postSolution
		SolutionGuid = {03BD5F81-036A-4622-91E5-D758BFA3C4D9}
	EndGlobalSection
EndGlobal
