
Microsoft Visual Studio Solution File, Format Version 12.00
# Visual Studio Version 16
VisualStudioVersion = 16.0.29020.237
MinimumVisualStudioVersion = 10.0.40219.1
Project("{FAE04EC0-301F-11D3-BF4B-00C04F79EFBC}") = "MyFirstLibrary", "MyFirstLibrary.csproj", "{FDD535F8-8219-420F-9657-BE282F582564}"
EndProject
Global
	GlobalSection(SolutionConfigurationPlatforms) = preSolution
		Debug|Any CPU = Debug|Any CPU
		Release|Any CPU = Release|Any CPU
	EndGlobalSection
	GlobalSection(ProjectConfigurationPlatforms) = postSolution
		{FDD535F8-8219-420F-9657-BE282F582564}.Debug|Any CPU.ActiveCfg = Debug|Any CPU
		{FDD535F8-8219-420F-9657-BE282F582564}.Debug|Any CPU.Build.0 = Debug|Any CPU
		{FDD535F8-8219-420F-9657-BE282F582564}.Release|Any CPU.ActiveCfg = Release|Any CPU
		{FDD535F8-8219-420F-9657-BE282F582564}.Release|Any CPU.Build.0 = Release|Any CPU
	EndGlobalSection
	GlobalSection(SolutionProperties) = preSolution
		HideSolutionNode = FALSE
	EndGlobalSection
	GlobalSection(ExtensibilityGlobals) = postSolution
		SolutionGuid = {C71FF69F-3987-41D2-868D-BF5A00720D01}
	EndGlobalSection
EndGlobal
