
Microsoft Visual Studio Solution File, Format Version 12.00
# Visual Studio Version 16
VisualStudioVersion = 16.0.29020.237
MinimumVisualStudioVersion = 10.0.40219.1
Project("{FAE04EC0-301F-11D3-BF4B-00C04F79EFBC}") = "AdicionandoValoresEmUmalista", "AdicionandoValoresEmUmalista.csproj", "{2171CB8C-FC61-47A7-8F71-F0CCADE3DB28}"
EndProject
Global
	GlobalSection(SolutionConfigurationPlatforms) = preSolution
		Debug|Any CPU = Debug|Any CPU
		Release|Any CPU = Release|Any CPU
	EndGlobalSection
	GlobalSection(ProjectConfigurationPlatforms) = postSolution
		{2171CB8C-FC61-47A7-8F71-F0CCADE3DB28}.Debug|Any CPU.ActiveCfg = Debug|Any CPU
		{2171CB8C-FC61-47A7-8F71-F0CCADE3DB28}.Debug|Any CPU.Build.0 = Debug|Any CPU
		{2171CB8C-FC61-47A7-8F71-F0CCADE3DB28}.Release|Any CPU.ActiveCfg = Release|Any CPU
		{2171CB8C-FC61-47A7-8F71-F0CCADE3DB28}.Release|Any CPU.Build.0 = Release|Any CPU
	EndGlobalSection
	GlobalSection(SolutionProperties) = preSolution
		HideSolutionNode = FALSE
	EndGlobalSection
	GlobalSection(ExtensibilityGlobals) = postSolution
		SolutionGuid = {4BCDA516-CB53-41F1-A277-30FC0AC12E8C}
	EndGlobalSection
EndGlobal
