
Microsoft Visual Studio Solution File, Format Version 12.00
# Visual Studio Version 16
VisualStudioVersion = 16.0.29020.237
MinimumVisualStudioVersion = 10.0.40219.1
Project("{FAE04EC0-301F-11D3-BF4B-00C04F79EFBC}") = "ProjetoBeepAula", "ProjetoBeepAula.csproj", "{0A43F0EB-7F7C-48CA-97A5-FB941E5DC62F}"
EndProject
Global
	GlobalSection(SolutionConfigurationPlatforms) = preSolution
		Debug|Any CPU = Debug|Any CPU
		Release|Any CPU = Release|Any CPU
	EndGlobalSection
	GlobalSection(ProjectConfigurationPlatforms) = postSolution
		{0A43F0EB-7F7C-48CA-97A5-FB941E5DC62F}.Debug|Any CPU.ActiveCfg = Debug|Any CPU
		{0A43F0EB-7F7C-48CA-97A5-FB941E5DC62F}.Debug|Any CPU.Build.0 = Debug|Any CPU
		{0A43F0EB-7F7C-48CA-97A5-FB941E5DC62F}.Release|Any CPU.ActiveCfg = Release|Any CPU
		{0A43F0EB-7F7C-48CA-97A5-FB941E5DC62F}.Release|Any CPU.Build.0 = Release|Any CPU
	EndGlobalSection
	GlobalSection(SolutionProperties) = preSolution
		HideSolutionNode = FALSE
	EndGlobalSection
	GlobalSection(ExtensibilityGlobals) = postSolution
		SolutionGuid = {7E65A694-67BB-4506-9850-FEC58CE044FB}
	EndGlobalSection
EndGlobal
