
Microsoft Visual Studio Solution File, Format Version 12.00
# Visual Studio Version 16
VisualStudioVersion = 16.0.29020.237
MinimumVisualStudioVersion = 10.0.40219.1
Project("{FAE04EC0-301F-11D3-BF4B-00C04F79EFBC}") = "Atividade01", "Atividade01.csproj", "{6FCE8687-50F0-44AF-8280-FE565900B057}"
EndProject
Global
	GlobalSection(SolutionConfigurationPlatforms) = preSolution
		Debug|Any CPU = Debug|Any CPU
		Release|Any CPU = Release|Any CPU
	EndGlobalSection
	GlobalSection(ProjectConfigurationPlatforms) = postSolution
		{6FCE8687-50F0-44AF-8280-FE565900B057}.Debug|Any CPU.ActiveCfg = Debug|Any CPU
		{6FCE8687-50F0-44AF-8280-FE565900B057}.Debug|Any CPU.Build.0 = Debug|Any CPU
		{6FCE8687-50F0-44AF-8280-FE565900B057}.Release|Any CPU.ActiveCfg = Release|Any CPU
		{6FCE8687-50F0-44AF-8280-FE565900B057}.Release|Any CPU.Build.0 = Release|Any CPU
	EndGlobalSection
	GlobalSection(SolutionProperties) = preSolution
		HideSolutionNode = FALSE
	EndGlobalSection
	GlobalSection(ExtensibilityGlobals) = postSolution
		SolutionGuid = {72353C83-41DA-4B36-9012-BFE9DE2498CA}
	EndGlobalSection
EndGlobal
